// !$*UTF8*$!
{
	archiveVersion = 1;
	classes = {
	};
	objectVersion = 77;
	objects = {

/* Begin PBXBuildFile section */
		DC976ECD2E2651200075A8EF /* env.xcconfig in Resources */ = {isa = PBXBuildFile; fileRef = DC976ECC2E26511B0075A8EF /* env.xcconfig */; };
		DC976ECF2E2651310075A8EF /* .gitignore in Resources */ = {isa = PBXBuildFile; fileRef = DC976ECE2E26512E0075A8EF /* .gitignore */; };
/* End PBXBuildFile section */

/* Begin PBXContainerItemProxy section */
		DCB03FCA2E255668005A96F8 /* PBXContainerItemProxy */ = {
			isa = PBXContainerItemProxy;
			containerPortal = DCB03FA82E255665005A96F8 /* Project object */;
			proxyType = 1;
			remoteGlobalIDString = DCB03FAF2E255665005A96F8;
			remoteInfo = Newswest;
		};
		DCB03FD42E255668005A96F8 /* PBXContainerItemProxy */ = {
			isa = PBXContainerItemProxy;
			containerPortal = DCB03FA82E255665005A96F8 /* Project object */;
			proxyType = 1;
			remoteGlobalIDString = DCB03FAF2E255665005A96F8;
			remoteInfo = Newswest;
		};
/* End PBXContainerItemProxy section */

/* Begin PBXFileReference section */
		DC976ECC2E26511B0075A8EF /* env.xcconfig */ = {isa = PBXFileReference; lastKnownFileType = text.xcconfig; path = env.xcconfig; sourceTree = "<group>"; };
		DC976ECE2E26512E0075A8EF /* .gitignore */ = {isa = PBXFileReference; lastKnownFileType = text; path = .gitignore; sourceTree = "<group>"; };
		DCB03FB02E255665005A96F8 /* Newswest.app */ = {isa = PBXFileReference; explicitFileType = wrapper.application; includeInIndex = 0; path = Newswest.app; sourceTree = BUILT_PRODUCTS_DIR; };
		DCB03FC92E255668005A96F8 /* NewswestTests.xctest */ = {isa = PBXFileReference; explicitFileType = wrapper.cfbundle; includeInIndex = 0; path = NewswestTests.xctest; sourceTree = BUILT_PRODUCTS_DIR; };
		DCB03FD32E255668005A96F8 /* NewswestUITests.xctest */ = {isa = PBXFileReference; explicitFileType = wrapper.cfbundle; includeInIndex = 0; path = NewswestUITests.xctest; sourceTree = BUILT_PRODUCTS_DIR; };
/* End PBXFileReference section */

/* Begin PBXFileSystemSynchronizedBuildFileExceptionSet section */
		DCB03FDB2E255668005A96F8 /* Exceptions for "Newswest" folder in "Newswest" target */ = {
			isa = PBXFileSystemSynchronizedBuildFileExceptionSet;
			membershipExceptions = (
				Info.plist,
			);
			target = DCB03FAF2E255665005A96F8 /* Newswest */;
		};
/* End PBXFileSystemSynchronizedBuildFileExceptionSet section */

/* Begin PBXFileSystemSynchronizedRootGroup section */
		DCB03FB22E255665005A96F8 /* Newswest */ = {
			isa = PBXFileSystemSynchronizedRootGroup;
			exceptions = (
				DCB03FDB2E255668005A96F8 /* Exceptions for "Newswest" folder in "Newswest" target */,
			);
			path = Newswest;
			sourceTree = "<group>";
		};
		DCB03FCC2E255668005A96F8 /* NewswestTests */ = {
			isa = PBXFileSystemSynchronizedRootGroup;
			path = NewswestTests;
			sourceTree = "<group>";
		};
		DCB03FD62E255668005A96F8 /* NewswestUITests */ = {
			isa = PBXFileSystemSynchronizedRootGroup;
			path = NewswestUITests;
			sourceTree = "<group>";
		};
/* End PBXFileSystemSynchronizedRootGroup section */

/* Begin PBXFrameworksBuildPhase section */
		DCB03FAD2E255665005A96F8 /* Frameworks */ = {
			isa = PBXFrameworksBuildPhase;
			buildActionMask = 2147483647;
			files = (
			);
			runOnlyForDeploymentPostprocessing = 0;
		};
		DCB03FC62E255668005A96F8 /* Frameworks */ = {
			isa = PBXFrameworksBuildPhase;
			buildActionMask = 2147483647;
			files = (
			);
			runOnlyForDeploymentPostprocessing = 0;
		};
		DCB03FD02E255668005A96F8 /* Frameworks */ = {
			isa = PBXFrameworksBuildPhase;
			buildActionMask = 2147483647;
			files = (
			);
			runOnlyForDeploymentPostprocessing = 0;
		};
/* End PBXFrameworksBuildPhase section */

/* Begin PBXGroup section */
		DCB03FA72E255665005A96F8 = {
			isa = PBXGroup;
			children = (
				DC976ECE2E26512E0075A8EF /* .gitignore */,
				DC976ECC2E26511B0075A8EF /* env.xcconfig */,
				DCB03FB22E255665005A96F8 /* Newswest */,
				DCB03FCC2E255668005A96F8 /* NewswestTests */,
				DCB03FD62E255668005A96F8 /* NewswestUITests */,
				DCB03FB12E255665005A96F8 /* Products */,
			);
			sourceTree = "<group>";
		};
		DCB03FB12E255665005A96F8 /* Products */ = {
			isa = PBXGroup;
			children = (
				DCB03FB02E255665005A96F8 /* Newswest.app */,
				DCB03FC92E255668005A96F8 /* NewswestTests.xctest */,
				DCB03FD32E255668005A96F8 /* NewswestUITests.xctest */,
			);
			name = Products;
			sourceTree = "<group>";
		};
/* End PBXGroup section */

/* Begin PBXNativeTarget section */
		DCB03FAF2E255665005A96F8 /* Newswest */ = {
			isa = PBXNativeTarget;
			buildConfigurationList = DCB03FDC2E255668005A96F8 /* Build configuration list for PBXNativeTarget "Newswest" */;
			buildPhases = (
				DCB03FAC2E255665005A96F8 /* Sources */,
				DCB03FAD2E255665005A96F8 /* Frameworks */,
				DCB03FAE2E255665005A96F8 /* Resources */,
			);
			buildRules = (
			);
			dependencies = (
			);
			fileSystemSynchronizedGroups = (
				DCB03FB22E255665005A96F8 /* Newswest */,
			);
			name = Newswest;
			packageProductDependencies = (
			);
			productName = Newswest;
			productReference = DCB03FB02E255665005A96F8 /* Newswest.app */;
			productType = "com.apple.product-type.application";
		};
		DCB03FC82E255668005A96F8 /* NewswestTests */ = {
			isa = PBXNativeTarget;
			buildConfigurationList = DCB03FE12E255668005A96F8 /* Build configuration list for PBXNativeTarget "NewswestTests" */;
			buildPhases = (
				DCB03FC52E255668005A96F8 /* Sources */,
				DCB03FC62E255668005A96F8 /* Frameworks */,
				DCB03FC72E255668005A96F8 /* Resources */,
			);
			buildRules = (
			);
			dependencies = (
				DCB03FCB2E255668005A96F8 /* PBXTargetDependency */,
			);
			fileSystemSynchronizedGroups = (
				DCB03FCC2E255668005A96F8 /* NewswestTests */,
			);
			name = NewswestTests;
			packageProductDependencies = (
			);
			productName = NewswestTests;
			productReference = DCB03FC92E255668005A96F8 /* NewswestTests.xctest */;
			productType = "com.apple.product-type.bundle.unit-test";
		};
		DCB03FD22E255668005A96F8 /* NewswestUITests */ = {
			isa = PBXNativeTarget;
			buildConfigurationList = DCB03FE42E255668005A96F8 /* Build configuration list for PBXNativeTarget "NewswestUITests" */;
			buildPhases = (
				DCB03FCF2E255668005A96F8 /* Sources */,
				DCB03FD02E255668005A96F8 /* Frameworks */,
				DCB03FD12E255668005A96F8 /* Resources */,
			);
			buildRules = (
			);
			dependencies = (
				DCB03FD52E255668005A96F8 /* PBXTargetDependency */,
			);
			fileSystemSynchronizedGroups = (
				DCB03FD62E255668005A96F8 /* NewswestUITests */,
			);
			name = NewswestUITests;
			packageProductDependencies = (
			);
			productName = NewswestUITests;
			productReference = DCB03FD32E255668005A96F8 /* NewswestUITests.xctest */;
			productType = "com.apple.product-type.bundle.ui-testing";
		};
/* End PBXNativeTarget section */

/* Begin PBXProject section */
		DCB03FA82E255665005A96F8 /* Project object */ = {
			isa = PBXProject;
			attributes = {
				BuildIndependentTargetsInParallel = 1;
				LastSwiftUpdateCheck = 1630;
				LastUpgradeCheck = 1630;
				TargetAttributes = {
					DCB03FAF2E255665005A96F8 = {
						CreatedOnToolsVersion = 16.3;
					};
					DCB03FC82E255668005A96F8 = {
						CreatedOnToolsVersion = 16.3;
						TestTargetID = DCB03FAF2E255665005A96F8;
					};
					DCB03FD22E255668005A96F8 = {
						CreatedOnToolsVersion = 16.3;
						TestTargetID = DCB03FAF2E255665005A96F8;
					};
				};
			};
			buildConfigurationList = DCB03FAB2E255665005A96F8 /* Build configuration list for PBXProject "Newswest" */;
			developmentRegion = en;
			hasScannedForEncodings = 0;
			knownRegions = (
				en,
				Base,
			);
			mainGroup = DCB03FA72E255665005A96F8;
			minimizedProjectReferenceProxies = 1;
			preferredProjectObjectVersion = 77;
			productRefGroup = DCB03FB12E255665005A96F8 /* Products */;
			projectDirPath = "";
			projectRoot = "";
			targets = (
				DCB03FAF2E255665005A96F8 /* Newswest */,
				DCB03FC82E255668005A96F8 /* NewswestTests */,
				DCB03FD22E255668005A96F8 /* NewswestUITests */,
			);
		};
/* End PBXProject section */

/* Begin PBXResourcesBuildPhase section */
		DCB03FAE2E255665005A96F8 /* Resources */ = {
			isa = PBXResourcesBuildPhase;
			buildActionMask = 2147483647;
			files = (
				DC976ECF2E2651310075A8EF /* .gitignore in Resources */,
				DC976ECD2E2651200075A8EF /* env.xcconfig in Resources */,
			);
			runOnlyForDeploymentPostprocessing = 0;
		};
		DCB03FC72E255668005A96F8 /* Resources */ = {
			isa = PBXResourcesBuildPhase;
			buildActionMask = 2147483647;
			files = (
			);
			runOnlyForDeploymentPostprocessing = 0;
		};
		DCB03FD12E255668005A96F8 /* Resources */ = {
			isa = PBXResourcesBuildPhase;
			buildActionMask = 2147483647;
			files = (
			);
			runOnlyForDeploymentPostprocessing = 0;
		};
/* End PBXResourcesBuildPhase section */

/* Begin PBXSourcesBuildPhase section */
		DCB03FAC2E255665005A96F8 /* Sources */ = {
			isa = PBXSourcesBuildPhase;
			buildActionMask = 2147483647;
			files = (
			);
			runOnlyForDeploymentPostprocessing = 0;
		};
		DCB03FC52E255668005A96F8 /* Sources */ = {
			isa = PBXSourcesBuildPhase;
			buildActionMask = 2147483647;
			files = (
			);
			runOnlyForDeploymentPostprocessing = 0;
		};
		DCB03FCF2E255668005A96F8 /* Sources */ = {
			isa = PBXSourcesBuildPhase;
			buildActionMask = 2147483647;
			files = (
			);
			runOnlyForDeploymentPostprocessing = 0;
		};
/* End PBXSourcesBuildPhase section */

/* Begin PBXTargetDependency section */
		DCB03FCB2E255668005A96F8 /* PBXTargetDependency */ = {
			isa = PBXTargetDependency;
			target = DCB03FAF2E255665005A96F8 /* Newswest */;
			targetProxy = DCB03FCA2E255668005A96F8 /* PBXContainerItemProxy */;
		};
		DCB03FD52E255668005A96F8 /* PBXTargetDependency */ = {
			isa = PBXTargetDependency;
			target = DCB03FAF2E255665005A96F8 /* Newswest */;
			targetProxy = DCB03FD42E255668005A96F8 /* PBXContainerItemProxy */;
		};
/* End PBXTargetDependency section */

/* Begin XCBuildConfiguration section */
		DCB03FDD2E255668005A96F8 /* Debug */ = {
			isa = XCBuildConfiguration;
			buildSettings = {
				ASSETCATALOG_COMPILER_APPICON_NAME = AppIcon;
				ASSETCATALOG_COMPILER_GLOBAL_ACCENT_COLOR_NAME = AccentColor;
				CODE_SIGN_STYLE = Automatic;
				CURRENT_PROJECT_VERSION = 1;
				GENERATE_INFOPLIST_FILE = YES;
				INFOPLIST_FILE = Newswest/Info.plist;
				INFOPLIST_KEY_UIApplicationSupportsIndirectInputEvents = YES;
				INFOPLIST_KEY_UILaunchStoryboardName = LaunchScreen;
				INFOPLIST_KEY_UISupportedInterfaceOrientations_iPad = "UIInterfaceOrientationPortrait UIInterfaceOrientationPortraitUpsideDown UIInterfaceOrientationLandscapeLeft UIInterfaceOrientationLandscapeRight";
				INFOPLIST_KEY_UISupportedInterfaceOrientations_iPhone = "UIInterfaceOrientationPortrait UIInterfaceOrientationLandscapeLeft UIInterfaceOrientationLandscapeRight";
				LD_RUNPATH_SEARCH_PATHS = (
					"$(inherited)",
					"@executable_path/Frameworks",
				);
				MARKETING_VERSION = 1.0;
				PRODUCT_BUNDLE_IDENTIFIER = com.ebel.Newswest;
				PRODUCT_NAME = "$(TARGET_NAME)";
				SWIFT_EMIT_LOC_STRINGS = YES;
				SWIFT_VERSION = 5.0;
				TARGETED_DEVICE_FAMILY = "1,2";
			};
			name = Debug;
		};
		DCB03FDE2E255668005A96F8 /* Release */ = {
			isa = XCBuildConfiguration;
			buildSettings = {
				ASSETCATALOG_COMPILER_APPICON_NAME = AppIcon;
				ASSETCATALOG_COMPILER_GLOBAL_ACCENT_COLOR_NAME = AccentColor;
				CODE_SIGN_STYLE = Automatic;
				CURRENT_PROJECT_VERSION = 1;
				GENERATE_INFOPLIST_FILE = YES;
				INFOPLIST_FILE = Newswest/Info.plist;
				INFOPLIST_KEY_UIApplicationSupportsIndirectInputEvents = YES;
				INFOPLIST_KEY_UILaunchStoryboardName = LaunchScreen;
				INFOPLIST_KEY_UISupportedInterfaceOrientations_iPad = "UIInterfaceOrientationPortrait UIInterfaceOrientationPortraitUpsideDown UIInterfaceOrientationLandscapeLeft UIInterfaceOrientationLandscapeRight";
				INFOPLIST_KEY_UISupportedInterfaceOrientations_iPhone = "UIInterfaceOrientationPortrait UIInterfaceOrientationLandscapeLeft UIInterfaceOrientationLandscapeRight";
				LD_RUNPATH_SEARCH_PATHS = (
					"$(inherited)",
					"@executable_path/Frameworks",
				);
				MARKETING_VERSION = 1.0;
				PRODUCT_BUNDLE_IDENTIFIER = com.ebel.Newswest;
				PRODUCT_NAME = "$(TARGET_NAME)";
				SWIFT_EMIT_LOC_STRINGS = YES;
				SWIFT_VERSION = 5.0;
				TARGETED_DEVICE_FAMILY = "1,2";
			};
			name = Release;
		};
		DCB03FDF2E255668005A96F8 /* Debug */ = {
			isa = XCBuildConfiguration;
			buildSettings = {
				ALWAYS_SEARCH_USER_PATHS = NO;
				ASSETCATALOG_COMPILER_GENERATE_SWIFT_ASSET_SYMBOL_EXTENSIONS = YES;
				CLANG_ANALYZER_NONNULL = YES;
				CLANG_ANALYZER_NUMBER_OBJECT_CONVERSION = YES_AGGRESSIVE;
				CLANG_CXX_LANGUAGE_STANDARD = "gnu++20";
				CLANG_ENABLE_MODULES = YES;
				CLANG_ENABLE_OBJC_ARC = YES;
				CLANG_ENABLE_OBJC_WEAK = YES;
				CLANG_WARN_BLOCK_CAPTURE_AUTORELEASING = YES;
				CLANG_WARN_BOOL_CONVERSION = YES;
				CLANG_WARN_COMMA = YES;
				CLANG_WARN_CONSTANT_CONVERSION = YES;
				CLANG_WARN_DEPRECATED_OBJC_IMPLEMENTATIONS = YES;
				CLANG_WARN_DIRECT_OBJC_ISA_USAGE = YES_ERROR;
				CLANG_WARN_DOCUMENTATION_COMMENTS = YES;
				CLANG_WARN_EMPTY_BODY = YES;
				CLANG_WARN_ENUM_CONVERSION = YES;
				CLANG_WARN_INFINITE_RECURSION = YES;
				CLANG_WARN_INT_CONVERSION = YES;
				CLANG_WARN_NON_LITERAL_NULL_CONVERSION = YES;
				CLANG_WARN_OBJC_IMPLICIT_RETAIN_SELF = YES;
				CLANG_WARN_OBJC_LITERAL_CONVERSION = YES;
				CLANG_WARN_OBJC_ROOT_CLASS = YES_ERROR;
				CLANG_WARN_QUOTED_INCLUDE_IN_FRAMEWORK_HEADER = YES;
				CLANG_WARN_RANGE_LOOP_ANALYSIS = YES;
				CLANG_WARN_STRICT_PROTOTYPES = YES;
				CLANG_WARN_SUSPICIOUS_MOVE = YES;
				CLANG_WARN_UNGUARDED_AVAILABILITY = YES_AGGRESSIVE;
				CLANG_WARN_UNREACHABLE_CODE = YES;
				CLANG_WARN__DUPLICATE_METHOD_MATCH = YES;
				COPY_PHASE_STRIP = NO;
				DEBUG_INFORMATION_FORMAT = dwarf;
				ENABLE_STRICT_OBJC_MSGSEND = YES;
				ENABLE_TESTABILITY = YES;
				ENABLE_USER_SCRIPT_SANDBOXING = YES;
				GCC_C_LANGUAGE_STANDARD = gnu17;
				GCC_DYNAMIC_NO_PIC = NO;
				GCC_NO_COMMON_BLOCKS = YES;
				GCC_OPTIMIZATION_LEVEL = 0;
				GCC_PREPROCESSOR_DEFINITIONS = (
					"DEBUG=1",
					"$(inherited)",
				);
				GCC_WARN_64_TO_32_BIT_CONVERSION = YES;
				GCC_WARN_ABOUT_RETURN_TYPE = YES_ERROR;
				GCC_WARN_UNDECLARED_SELECTOR = YES;
				GCC_WARN_UNINITIALIZED_AUTOS = YES_AGGRESSIVE;
				GCC_WARN_UNUSED_FUNCTION = YES;
				GCC_WARN_UNUSED_VARIABLE = YES;
				IPHONEOS_DEPLOYMENT_TARGET = 18.4;
				LOCALIZATION_PREFERS_STRING_CATALOGS = YES;
				MTL_ENABLE_DEBUG_INFO = INCLUDE_SOURCE;
				MTL_FAST_MATH = YES;
				ONLY_ACTIVE_ARCH = YES;
				SDKROOT = iphoneos;
				SWIFT_ACTIVE_COMPILATION_CONDITIONS = "DEBUG $(inherited)";
				SWIFT_OPTIMIZATION_LEVEL = "-Onone";
			};
			name = Debug;
		};
		DCB03FE02E255668005A96F8 /* Release */ = {
			isa = XCBuildConfiguration;
			buildSettings = {
				ALWAYS_SEARCH_USER_PATHS = NO;
				ASSETCATALOG_COMPILER_GENERATE_SWIFT_ASSET_SYMBOL_EXTENSIONS = YES;
				CLANG_ANALYZER_NONNULL = YES;
				CLANG_ANALYZER_NUMBER_OBJECT_CONVERSION = YES_AGGRESSIVE;
				CLANG_CXX_LANGUAGE_STANDARD = "gnu++20";
				CLANG_ENABLE_MODULES = YES;
				CLANG_ENABLE_OBJC_ARC = YES;
				CLANG_ENABLE_OBJC_WEAK = YES;
				CLANG_WARN_BLOCK_CAPTURE_AUTORELEASING = YES;
				CLANG_WARN_BOOL_CONVERSION = YES;
				CLANG_WARN_COMMA = YES;
				CLANG_WARN_CONSTANT_CONVERSION = YES;
				CLANG_WARN_DEPRECATED_OBJC_IMPLEMENTATIONS = YES;
				CLANG_WARN_DIRECT_OBJC_ISA_USAGE = YES_ERROR;
				CLANG_WARN_DOCUMENTATION_COMMENTS = YES;
				CLANG_WARN_EMPTY_BODY = YES;
				CLANG_WARN_ENUM_CONVERSION = YES;
				CLANG_WARN_INFINITE_RECURSION = YES;
				CLANG_WARN_INT_CONVERSION = YES;
				CLANG_WARN_NON_LITERAL_NULL_CONVERSION = YES;
				CLANG_WARN_OBJC_IMPLICIT_RETAIN_SELF = YES;
				CLANG_WARN_OBJC_LITERAL_CONVERSION = YES;
				CLANG_WARN_OBJC_ROOT_CLASS = YES_ERROR;
				CLANG_WARN_QUOTED_INCLUDE_IN_FRAMEWORK_HEADER = YES;
				CLANG_WARN_RANGE_LOOP_ANALYSIS = YES;
				CLANG_WARN_STRICT_PROTOTYPES = YES;
				CLANG_WARN_SUSPICIOUS_MOVE = YES;
				CLANG_WARN_UNGUARDED_AVAILABILITY = YES_AGGRESSIVE;
				CLANG_WARN_UNREACHABLE_CODE = YES;
				CLANG_WARN__DUPLICATE_METHOD_MATCH = YES;
				COPY_PHASE_STRIP = NO;
				DEBUG_INFORMATION_FORMAT = "dwarf-with-dsym";
				ENABLE_NS_ASSERTIONS = NO;
				ENABLE_STRICT_OBJC_MSGSEND = YES;
				ENABLE_USER_SCRIPT_SANDBOXING = YES;
				GCC_C_LANGUAGE_STANDARD = gnu17;
				GCC_NO_COMMON_BLOCKS = YES;
				GCC_WARN_64_TO_32_BIT_CONVERSION = YES;
				GCC_WARN_ABOUT_RETURN_TYPE = YES_ERROR;
				GCC_WARN_UNDECLARED_SELECTOR = YES;
				GCC_WARN_UNINITIALIZED_AUTOS = YES_AGGRESSIVE;
				GCC_WARN_UNUSED_FUNCTION = YES;
				GCC_WARN_UNUSED_VARIABLE = YES;
				IPHONEOS_DEPLOYMENT_TARGET = 18.4;
				LOCALIZATION_PREFERS_STRING_CATALOGS = YES;
				MTL_ENABLE_DEBUG_INFO = NO;
				MTL_FAST_MATH = YES;
				SDKROOT = iphoneos;
				SWIFT_COMPILATION_MODE = wholemodule;
				VALIDATE_PRODUCT = YES;
			};
			name = Release;
		};
		DCB03FE22E255668005A96F8 /* Debug */ = {
			isa = XCBuildConfiguration;
			buildSettings = {
				BUNDLE_LOADER = "$(TEST_HOST)";
				CODE_SIGN_STYLE = Automatic;
				CURRENT_PROJECT_VERSION = 1;
				GENERATE_INFOPLIST_FILE = YES;
				IPHONEOS_DEPLOYMENT_TARGET = 18.4;
				MARKETING_VERSION = 1.0;
				PRODUCT_BUNDLE_IDENTIFIER = com.ebel.NewswestTests;
				PRODUCT_NAME = "$(TARGET_NAME)";
				SWIFT_EMIT_LOC_STRINGS = NO;
				SWIFT_VERSION = 5.0;
				TARGETED_DEVICE_FAMILY = "1,2";
				TEST_HOST = "$(BUILT_PRODUCTS_DIR)/Newswest.app/$(BUNDLE_EXECUTABLE_FOLDER_PATH)/Newswest";
			};
			name = Debug;
		};
		DCB03FE32E255668005A96F8 /* Release */ = {
			isa = XCBuildConfiguration;
			buildSettings = {
				BUNDLE_LOADER = "$(TEST_HOST)";
				CODE_SIGN_STYLE = Automatic;
				CURRENT_PROJECT_VERSION = 1;
				GENERATE_INFOPLIST_FILE = YES;
				IPHONEOS_DEPLOYMENT_TARGET = 18.4;
				MARKETING_VERSION = 1.0;
				PRODUCT_BUNDLE_IDENTIFIER = com.ebel.NewswestTests;
				PRODUCT_NAME = "$(TARGET_NAME)";
				SWIFT_EMIT_LOC_STRINGS = NO;
				SWIFT_VERSION = 5.0;
				TARGETED_DEVICE_FAMILY = "1,2";
				TEST_HOST = "$(BUILT_PRODUCTS_DIR)/Newswest.app/$(BUNDLE_EXECUTABLE_FOLDER_PATH)/Newswest";
			};
			name = Release;
		};
		DCB03FE52E255668005A96F8 /* Debug */ = {
			isa = XCBuildConfiguration;
			buildSettings = {
				CODE_SIGN_STYLE = Automatic;
				CURRENT_PROJECT_VERSION = 1;
				GENERATE_INFOPLIST_FILE = YES;
				MARKETING_VERSION = 1.0;
				PRODUCT_BUNDLE_IDENTIFIER = com.ebel.NewswestUITests;
				PRODUCT_NAME = "$(TARGET_NAME)";
				SWIFT_EMIT_LOC_STRINGS = NO;
				SWIFT_VERSION = 5.0;
				TARGETED_DEVICE_FAMILY = "1,2";
				TEST_TARGET_NAME = Newswest;
			};
			name = Debug;
		};
		DCB03FE62E255668005A96F8 /* Release */ = {
			isa = XCBuildConfiguration;
			buildSettings = {
				CODE_SIGN_STYLE = Automatic;
				CURRENT_PROJECT_VERSION = 1;
				GENERATE_INFOPLIST_FILE = YES;
				MARKETING_VERSION = 1.0;
				PRODUCT_BUNDLE_IDENTIFIER = com.ebel.NewswestUITests;
				PRODUCT_NAME = "$(TARGET_NAME)";
				SWIFT_EMIT_LOC_STRINGS = NO;
				SWIFT_VERSION = 5.0;
				TARGETED_DEVICE_FAMILY = "1,2";
				TEST_TARGET_NAME = Newswest;
			};
			name = Release;
		};
/* End XCBuildConfiguration section */

/* Begin XCConfigurationList section */
		DCB03FAB2E255665005A96F8 /* Build configuration list for PBXProject "Newswest" */ = {
			isa = XCConfigurationList;
			buildConfigurations = (
				DCB03FDF2E255668005A96F8 /* Debug */,
				DCB03FE02E255668005A96F8 /* Release */,
			);
			defaultConfigurationIsVisible = 0;
			defaultConfigurationName = Release;
		};
		DCB03FDC2E255668005A96F8 /* Build configuration list for PBXNativeTarget "Newswest" */ = {
			isa = XCConfigurationList;
			buildConfigurations = (
				DCB03FDD2E255668005A96F8 /* Debug */,
				DCB03FDE2E255668005A96F8 /* Release */,
			);
			defaultConfigurationIsVisible = 0;
			defaultConfigurationName = Release;
		};
		DCB03FE12E255668005A96F8 /* Build configuration list for PBXNativeTarget "NewswestTests" */ = {
			isa = XCConfigurationList;
			buildConfigurations = (
				DCB03FE22E255668005A96F8 /* Debug */,
				DCB03FE32E255668005A96F8 /* Release */,
			);
			defaultConfigurationIsVisible = 0;
			defaultConfigurationName = Release;
		};
		DCB03FE42E255668005A96F8 /* Build configuration list for PBXNativeTarget "NewswestUITests" */ = {
			isa = XCConfigurationList;
			buildConfigurations = (
				DCB03FE52E255668005A96F8 /* Debug */,
				DCB03FE62E255668005A96F8 /* Release */,
			);
			defaultConfigurationIsVisible = 0;
			defaultConfigurationName = Release;
		};
/* End XCConfigurationList section */
	};
	rootObject = DCB03FA82E255665005A96F8 /* Project object */;
}
